
Microsoft Visual Studio Solution File, Format Version 12.00
# Visual Studio Version 17
VisualStudioVersion = 17.9.34728.123
MinimumVisualStudioVersion = 10.0.40219.1
Project("{FAE04EC0-301F-11D3-BF4B-00C04F79EFBC}") = "Domain", "Sofa3Lib\Domain.csproj", "{F812C43B-C618-4243-B572-C53F524ECDFE}"
EndProject
Project("{FAE04EC0-301F-11D3-BF4B-00C04F79EFBC}") = "Tests", "Sofa3Tests\Tests.csproj", "{797DBC3B-01B2-438F-AC94-B4FF228C2233}"
EndProject
Project("{FAE04EC0-301F-11D3-BF4B-00C04F79EFBC}") = "App", "sofa3app\App.csproj", "{DDBC139F-9E3D-4FEE-8759-F7273C4BD917}"
EndProject
Project("{FAE04EC0-301F-11D3-BF4B-00C04F79EFBC}") = "Infra", "sofa3infra\Infra.csproj", "{206D2FB4-755B-4B73-95EE-532781A1BD66}"
EndProject
Global
	GlobalSection(SolutionConfigurationPlatforms) = preSolution
		Debug|Any CPU = Debug|Any CPU
		Release|Any CPU = Release|Any CPU
	EndGlobalSection
	GlobalSection(ProjectConfigurationPlatforms) = postSolution
		{F812C43B-C618-4243-B572-C53F524ECDFE}.Debug|Any CPU.ActiveCfg = Debug|Any CPU
		{F812C43B-C618-4243-B572-C53F524ECDFE}.Debug|Any CPU.Build.0 = Debug|Any CPU
		{F812C43B-C618-4243-B572-C53F524ECDFE}.Release|Any CPU.ActiveCfg = Release|Any CPU
		{F812C43B-C618-4243-B572-C53F524ECDFE}.Release|Any CPU.Build.0 = Release|Any CPU
		{797DBC3B-01B2-438F-AC94-B4FF228C2233}.Debug|Any CPU.ActiveCfg = Debug|Any CPU
		{797DBC3B-01B2-438F-AC94-B4FF228C2233}.Debug|Any CPU.Build.0 = Debug|Any CPU
		{797DBC3B-01B2-438F-AC94-B4FF228C2233}.Release|Any CPU.ActiveCfg = Release|Any CPU
		{797DBC3B-01B2-438F-AC94-B4FF228C2233}.Release|Any CPU.Build.0 = Release|Any CPU
		{DDBC139F-9E3D-4FEE-8759-F7273C4BD917}.Debug|Any CPU.ActiveCfg = Debug|Any CPU
		{DDBC139F-9E3D-4FEE-8759-F7273C4BD917}.Debug|Any CPU.Build.0 = Debug|Any CPU
		{DDBC139F-9E3D-4FEE-8759-F7273C4BD917}.Release|Any CPU.ActiveCfg = Release|Any CPU
		{DDBC139F-9E3D-4FEE-8759-F7273C4BD917}.Release|Any CPU.Build.0 = Release|Any CPU
		{206D2FB4-755B-4B73-95EE-532781A1BD66}.Debug|Any CPU.ActiveCfg = Debug|Any CPU
		{206D2FB4-755B-4B73-95EE-532781A1BD66}.Debug|Any CPU.Build.0 = Debug|Any CPU
		{206D2FB4-755B-4B73-95EE-532781A1BD66}.Release|Any CPU.ActiveCfg = Release|Any CPU
		{206D2FB4-755B-4B73-95EE-532781A1BD66}.Release|Any CPU.Build.0 = Release|Any CPU
	EndGlobalSection
	GlobalSection(SolutionProperties) = preSolution
		HideSolutionNode = FALSE
	EndGlobalSection
	GlobalSection(ExtensibilityGlobals) = postSolution
		SolutionGuid = {63F08344-9BE6-4EB6-827B-25AAA364F0B2}
	EndGlobalSection
EndGlobal
